// !$*UTF8*$!
{
	archiveVersion = 1;
	classes = {
	};
	objectVersion = 46;
	objects = {

/* Begin PBXBuildFile section */
		2063693F1DE86D570003B318 /* MobileCenter.framework in Frameworks */ = {isa = PBXBuildFile; fileRef = 2063693C1DE86D570003B318 /* MobileCenter.framework */; };
		206369401DE86D570003B318 /* MobileCenterAnalytics.framework in Frameworks */ = {isa = PBXBuildFile; fileRef = 2063693D1DE86D570003B318 /* MobileCenterAnalytics.framework */; };
		206369411DE86D570003B318 /* MobileCenterCrashes.framework in Frameworks */ = {isa = PBXBuildFile; fileRef = 2063693E1DE86D570003B318 /* MobileCenterCrashes.framework */; };
		207DA4961DBD5EEC0001F6CB /* AppDelegate.swift in Sources */ = {isa = PBXBuildFile; fileRef = 207DA4951DBD5EEC0001F6CB /* AppDelegate.swift */; };
		207DA4981DBD5EEC0001F6CB /* ViewController.swift in Sources */ = {isa = PBXBuildFile; fileRef = 207DA4971DBD5EEC0001F6CB /* ViewController.swift */; };
		207DA49B1DBD5EEC0001F6CB /* Main.storyboard in Resources */ = {isa = PBXBuildFile; fileRef = 207DA4991DBD5EEC0001F6CB /* Main.storyboard */; };
		207DA49D1DBD5EEC0001F6CB /* Assets.xcassets in Resources */ = {isa = PBXBuildFile; fileRef = 207DA49C1DBD5EEC0001F6CB /* Assets.xcassets */; };
		207DA4A01DBD5EEC0001F6CB /* LaunchScreen.storyboard in Resources */ = {isa = PBXBuildFile; fileRef = 207DA49E1DBD5EEC0001F6CB /* LaunchScreen.storyboard */; };
/* End PBXBuildFile section */

/* Begin PBXFileReference section */
		2063693C1DE86D570003B318 /* MobileCenter.framework */ = {isa = PBXFileReference; lastKnownFileType = wrapper.framework; name = MobileCenter.framework; path = Frameworks/MobileCenter.framework; sourceTree = "<group>"; };
		2063693D1DE86D570003B318 /* MobileCenterAnalytics.framework */ = {isa = PBXFileReference; lastKnownFileType = wrapper.framework; name = MobileCenterAnalytics.framework; path = Frameworks/MobileCenterAnalytics.framework; sourceTree = "<group>"; };
		2063693E1DE86D570003B318 /* MobileCenterCrashes.framework */ = {isa = PBXFileReference; lastKnownFileType = wrapper.framework; name = MobileCenterCrashes.framework; path = Frameworks/MobileCenterCrashes.framework; sourceTree = "<group>"; };
		207DA4921DBD5EEC0001F6CB /* dailyquote.app */ = {isa = PBXFileReference; explicitFileType = wrapper.application; includeInIndex = 0; path = dailyquote.app; sourceTree = BUILT_PRODUCTS_DIR; };
		207DA4951DBD5EEC0001F6CB /* AppDelegate.swift */ = {isa = PBXFileReference; lastKnownFileType = sourcecode.swift; path = AppDelegate.swift; sourceTree = "<group>"; };
		207DA4971DBD5EEC0001F6CB /* ViewController.swift */ = {isa = PBXFileReference; lastKnownFileType = sourcecode.swift; path = ViewController.swift; sourceTree = "<group>"; };
		207DA49A1DBD5EEC0001F6CB /* Base */ = {isa = PBXFileReference; lastKnownFileType = file.storyboard; name = Base; path = Base.lproj/Main.storyboard; sourceTree = "<group>"; };
		207DA49C1DBD5EEC0001F6CB /* Assets.xcassets */ = {isa = PBXFileReference; lastKnownFileType = folder.assetcatalog; path = Assets.xcassets; sourceTree = "<group>"; };
		207DA49F1DBD5EEC0001F6CB /* Base */ = {isa = PBXFileReference; lastKnownFileType = file.storyboard; name = Base; path = Base.lproj/LaunchScreen.storyboard; sourceTree = "<group>"; };
		207DA4A11DBD5EEC0001F6CB /* Info.plist */ = {isa = PBXFileReference; lastKnownFileType = text.plist.xml; path = Info.plist; sourceTree = "<group>"; };
/* End PBXFileReference section */

/* Begin PBXFrameworksBuildPhase section */
		207DA48F1DBD5EEC0001F6CB /* Frameworks */ = {
			isa = PBXFrameworksBuildPhase;
			buildActionMask = 2147483647;
			files = (
				206369401DE86D570003B318 /* MobileCenterAnalytics.framework in Frameworks */,
				206369411DE86D570003B318 /* MobileCenterCrashes.framework in Frameworks */,
				2063693F1DE86D570003B318 /* MobileCenter.framework in Frameworks */,
			);
			runOnlyForDeploymentPostprocessing = 0;
		};
/* End PBXFrameworksBuildPhase section */

/* Begin PBXGroup section */
		207DA4891DBD5EEC0001F6CB = {
			isa = PBXGroup;
			children = (
				2063693C1DE86D570003B318 /* MobileCenter.framework */,
				2063693D1DE86D570003B318 /* MobileCenterAnalytics.framework */,
				2063693E1DE86D570003B318 /* MobileCenterCrashes.framework */,
				207DA4941DBD5EEC0001F6CB /* dailyquote */,
				207DA4931DBD5EEC0001F6CB /* Products */,
				20FA5B2A1DD4DBE400C28A12 /* Frameworks */,
			);
			sourceTree = "<group>";
		};
		207DA4931DBD5EEC0001F6CB /* Products */ = {
			isa = PBXGroup;
			children = (
				207DA4921DBD5EEC0001F6CB /* dailyquote.app */,
			);
			name = Products;
			sourceTree = "<group>";
		};
		207DA4941DBD5EEC0001F6CB /* dailyquote */ = {
			isa = PBXGroup;
			children = (
				207DA4951DBD5EEC0001F6CB /* AppDelegate.swift */,
				207DA4971DBD5EEC0001F6CB /* ViewController.swift */,
				207DA4991DBD5EEC0001F6CB /* Main.storyboard */,
				207DA49C1DBD5EEC0001F6CB /* Assets.xcassets */,
				207DA49E1DBD5EEC0001F6CB /* LaunchScreen.storyboard */,
				207DA4A11DBD5EEC0001F6CB /* Info.plist */,
			);
			path = dailyquote;
			sourceTree = "<group>";
		};
		20FA5B2A1DD4DBE400C28A12 /* Frameworks */ = {
			isa = PBXGroup;
			children = (
			);
			name = Frameworks;
			sourceTree = "<group>";
		};
/* End PBXGroup section */

/* Begin PBXNativeTarget section */
		207DA4911DBD5EEC0001F6CB /* dailyquote */ = {
			isa = PBXNativeTarget;
			buildConfigurationList = 207DA4A41DBD5EEC0001F6CB /* Build configuration list for PBXNativeTarget "dailyquote" */;
			buildPhases = (
				207DA48E1DBD5EEC0001F6CB /* Sources */,
				207DA48F1DBD5EEC0001F6CB /* Frameworks */,
				207DA4901DBD5EEC0001F6CB /* Resources */,
			);
			buildRules = (
			);
			dependencies = (
			);
			name = dailyquote;
			productName = dailyquote;
			productReference = 207DA4921DBD5EEC0001F6CB /* dailyquote.app */;
			productType = "com.apple.product-type.application";
		};
/* End PBXNativeTarget section */

/* Begin PBXProject section */
		207DA48A1DBD5EEC0001F6CB /* Project object */ = {
			isa = PBXProject;
			attributes = {
				LastSwiftUpdateCheck = 0800;
				LastUpgradeCheck = 0810;
				ORGANIZATIONNAME = byteroyal;
				TargetAttributes = {
					207DA4911DBD5EEC0001F6CB = {
						CreatedOnToolsVersion = 8.0;
						DevelopmentTeam = 8W62GL8FE7;
						ProvisioningStyle = Manual;
					};
				};
			};
			buildConfigurationList = 207DA48D1DBD5EEC0001F6CB /* Build configuration list for PBXProject "dailyquote" */;
			compatibilityVersion = "Xcode 3.2";
			developmentRegion = English;
			hasScannedForEncodings = 0;
			knownRegions = (
				en,
				Base,
			);
			mainGroup = 207DA4891DBD5EEC0001F6CB;
			productRefGroup = 207DA4931DBD5EEC0001F6CB /* Products */;
			projectDirPath = "";
			projectRoot = "";
			targets = (
				207DA4911DBD5EEC0001F6CB /* dailyquote */,
			);
		};
/* End PBXProject section */

/* Begin PBXResourcesBuildPhase section */
		207DA4901DBD5EEC0001F6CB /* Resources */ = {
			isa = PBXResourcesBuildPhase;
			buildActionMask = 2147483647;
			files = (
				207DA4A01DBD5EEC0001F6CB /* LaunchScreen.storyboard in Resources */,
				207DA49D1DBD5EEC0001F6CB /* Assets.xcassets in Resources */,
				207DA49B1DBD5EEC0001F6CB /* Main.storyboard in Resources */,
			);
			runOnlyForDeploymentPostprocessing = 0;
		};
/* End PBXResourcesBuildPhase section */

/* Begin PBXSourcesBuildPhase section */
		207DA48E1DBD5EEC0001F6CB /* Sources */ = {
			isa = PBXSourcesBuildPhase;
			buildActionMask = 2147483647;
			files = (
				207DA4981DBD5EEC0001F6CB /* ViewController.swift in Sources */,
				207DA4961DBD5EEC0001F6CB /* AppDelegate.swift in Sources */,
			);
			runOnlyForDeploymentPostprocessing = 0;
		};
/* End PBXSourcesBuildPhase section */

/* Begin PBXVariantGroup section */
		207DA4991DBD5EEC0001F6CB /* Main.storyboard */ = {
			isa = PBXVariantGroup;
			children = (
				207DA49A1DBD5EEC0001F6CB /* Base */,
			);
			name = Main.storyboard;
			sourceTree = "<group>";
		};
		207DA49E1DBD5EEC0001F6CB /* LaunchScreen.storyboard */ = {
			isa = PBXVariantGroup;
			children = (
				207DA49F1DBD5EEC0001F6CB /* Base */,
			);
			name = LaunchScreen.storyboard;
			sourceTree = "<group>";
		};
/* End PBXVariantGroup section */

/* Begin XCBuildConfiguration section */
		207DA4A21DBD5EEC0001F6CB /* Debug */ = {
			isa = XCBuildConfiguration;
			buildSettings = {
				ALWAYS_SEARCH_USER_PATHS = NO;
				CLANG_ANALYZER_NONNULL = YES;
				CLANG_CXX_LANGUAGE_STANDARD = "gnu++0x";
				CLANG_CXX_LIBRARY = "libc++";
				CLANG_ENABLE_MODULES = YES;
				CLANG_ENABLE_OBJC_ARC = YES;
				CLANG_WARN_BOOL_CONVERSION = YES;
				CLANG_WARN_CONSTANT_CONVERSION = YES;
				CLANG_WARN_DIRECT_OBJC_ISA_USAGE = YES_ERROR;
				CLANG_WARN_DOCUMENTATION_COMMENTS = YES;
				CLANG_WARN_EMPTY_BODY = YES;
				CLANG_WARN_ENUM_CONVERSION = YES;
				CLANG_WARN_INFINITE_RECURSION = YES;
				CLANG_WARN_INT_CONVERSION = YES;
				CLANG_WARN_OBJC_ROOT_CLASS = YES_ERROR;
				CLANG_WARN_SUSPICIOUS_MOVE = YES;
				CLANG_WARN_SUSPICIOUS_MOVES = YES;
				CLANG_WARN_UNREACHABLE_CODE = YES;
				CLANG_WARN__DUPLICATE_METHOD_MATCH = YES;
				"CODE_SIGN_IDENTITY[sdk=iphoneos*]" = "iPhone Developer";
				COPY_PHASE_STRIP = NO;
				DEBUG_INFORMATION_FORMAT = dwarf;
				ENABLE_STRICT_OBJC_MSGSEND = YES;
				ENABLE_TESTABILITY = YES;
				GCC_C_LANGUAGE_STANDARD = gnu99;
				GCC_DYNAMIC_NO_PIC = NO;
				GCC_NO_COMMON_BLOCKS = YES;
				GCC_OPTIMIZATION_LEVEL = 0;
				GCC_PREPROCESSOR_DEFINITIONS = (
					"DEBUG=1",
					"$(inherited)",
				);
				GCC_WARN_64_TO_32_BIT_CONVERSION = YES;
				GCC_WARN_ABOUT_RETURN_TYPE = YES_ERROR;
				GCC_WARN_UNDECLARED_SELECTOR = YES;
				GCC_WARN_UNINITIALIZED_AUTOS = YES_AGGRESSIVE;
				GCC_WARN_UNUSED_FUNCTION = YES;
				GCC_WARN_UNUSED_VARIABLE = YES;
				IPHONEOS_DEPLOYMENT_TARGET = 10.0;
				MTL_ENABLE_DEBUG_INFO = YES;
				ONLY_ACTIVE_ARCH = YES;
				SDKROOT = iphoneos;
				SWIFT_ACTIVE_COMPILATION_CONDITIONS = DEBUG;
				SWIFT_OPTIMIZATION_LEVEL = "-Onone";
				TARGETED_DEVICE_FAMILY = "1,2";
			};
			name = Debug;
		};
		207DA4A31DBD5EEC0001F6CB /* Release */ = {
			isa = XCBuildConfiguration;
			buildSettings = {
				ALWAYS_SEARCH_USER_PATHS = NO;
				CLANG_ANALYZER_NONNULL = YES;
				CLANG_CXX_LANGUAGE_STANDARD = "gnu++0x";
				CLANG_CXX_LIBRARY = "libc++";
				CLANG_ENABLE_MODULES = YES;
				CLANG_ENABLE_OBJC_ARC = YES;
				CLANG_WARN_BOOL_CONVERSION = YES;
				CLANG_WARN_CONSTANT_CONVERSION = YES;
				CLANG_WARN_DIRECT_OBJC_ISA_USAGE = YES_ERROR;
				CLANG_WARN_DOCUMENTATION_COMMENTS = YES;
				CLANG_WARN_EMPTY_BODY = YES;
				CLANG_WARN_ENUM_CONVERSION = YES;
				CLANG_WARN_INFINITE_RECURSION = YES;
				CLANG_WARN_INT_CONVERSION = YES;
				CLANG_WARN_OBJC_ROOT_CLASS = YES_ERROR;
				CLANG_WARN_SUSPICIOUS_MOVE = YES;
				CLANG_WARN_SUSPICIOUS_MOVES = YES;
				CLANG_WARN_UNREACHABLE_CODE = YES;
				CLANG_WARN__DUPLICATE_METHOD_MATCH = YES;
				"CODE_SIGN_IDENTITY[sdk=iphoneos*]" = "iPhone Developer";
				COPY_PHASE_STRIP = NO;
				DEBUG_INFORMATION_FORMAT = "dwarf-with-dsym";
				ENABLE_NS_ASSERTIONS = NO;
				ENABLE_STRICT_OBJC_MSGSEND = YES;
				GCC_C_LANGUAGE_STANDARD = gnu99;
				GCC_NO_COMMON_BLOCKS = YES;
				GCC_WARN_64_TO_32_BIT_CONVERSION = YES;
				GCC_WARN_ABOUT_RETURN_TYPE = YES_ERROR;
				GCC_WARN_UNDECLARED_SELECTOR = YES;
				GCC_WARN_UNINITIALIZED_AUTOS = YES_AGGRESSIVE;
				GCC_WARN_UNUSED_FUNCTION = YES;
				GCC_WARN_UNUSED_VARIABLE = YES;
				IPHONEOS_DEPLOYMENT_TARGET = 10.0;
				MTL_ENABLE_DEBUG_INFO = NO;
				SDKROOT = iphoneos;
				SWIFT_OPTIMIZATION_LEVEL = "-Owholemodule";
				TARGETED_DEVICE_FAMILY = "1,2";
				VALIDATE_PRODUCT = YES;
			};
			name = Release;
		};
		207DA4A51DBD5EEC0001F6CB /* Debug */ = {
			isa = XCBuildConfiguration;
			buildSettings = {
				ASSETCATALOG_COMPILER_APPICON_NAME = AppIcon;
				CODE_SIGN_IDENTITY = "iPhone Developer: Manuela Rink (239FU29APE)";
				"CODE_SIGN_IDENTITY[sdk=iphoneos*]" = "iPhone Developer: Manuela Rink (239FU29APE)";
				DEVELOPMENT_TEAM = 8W62GL8FE7;
				FRAMEWORK_SEARCH_PATHS = (
					"$(inherited)",
					"$(PROJECT_DIR)",
					"$(PROJECT_DIR)/Frameworks",
				);
				INFOPLIST_FILE = dailyquote/Info.plist;
				IPHONEOS_DEPLOYMENT_TARGET = 9.3;
				LD_RUNPATH_SEARCH_PATHS = "$(inherited) @executable_path/Frameworks";
				PRODUCT_BUNDLE_IDENTIFIER = com.br.dailyquote;
				PRODUCT_NAME = "$(TARGET_NAME)";
				PROVISIONING_PROFILE = "55b39bf8-5118-42d5-9026-fa5ea4d9b57d";
				PROVISIONING_PROFILE_SPECIFIER = QuoteAppDevProfile;
				SWIFT_VERSION = 3.0;
				TARGETED_DEVICE_FAMILY = 1;
			};
			name = Debug;
		};
		207DA4A61DBD5EEC0001F6CB /* Release */ = {
			isa = XCBuildConfiguration;
			buildSettings = {
				ASSETCATALOG_COMPILER_APPICON_NAME = AppIcon;
				CODE_SIGN_IDENTITY = "iPhone Developer: Manuela Rink (239FU29APE)";
				"CODE_SIGN_IDENTITY[sdk=iphoneos*]" = "iPhone Developer: Manuela Rink (239FU29APE)";
				DEVELOPMENT_TEAM = "";
				FRAMEWORK_SEARCH_PATHS = (
					"$(inherited)",
					"$(PROJECT_DIR)",
					"$(PROJECT_DIR)/Frameworks",
				);
				INFOPLIST_FILE = dailyquote/Info.plist;
				IPHONEOS_DEPLOYMENT_TARGET = 9.3;
				LD_RUNPATH_SEARCH_PATHS = "$(inherited) @executable_path/Frameworks";
				PRODUCT_BUNDLE_IDENTIFIER = com.br.dailyquote;
				PRODUCT_NAME = "$(TARGET_NAME)";
				PROVISIONING_PROFILE = "";
				PROVISIONING_PROFILE_SPECIFIER = "";
				SWIFT_VERSION = 3.0;
				TARGETED_DEVICE_FAMILY = 1;
			};
			name = Release;
		};
/* End XCBuildConfiguration section */

/* Begin XCConfigurationList section */
		207DA48D1DBD5EEC0001F6CB /* Build configuration list for PBXProject "dailyquote" */ = {
			isa = XCConfigurationList;
			buildConfigurations = (
				207DA4A21DBD5EEC0001F6CB /* Debug */,
				207DA4A31DBD5EEC0001F6CB /* Release */,
			);
			defaultConfigurationIsVisible = 0;
			defaultConfigurationName = Release;
		};
		207DA4A41DBD5EEC0001F6CB /* Build configuration list for PBXNativeTarget "dailyquote" */ = {
			isa = XCConfigurationList;
			buildConfigurations = (
				207DA4A51DBD5EEC0001F6CB /* Debug */,
				207DA4A61DBD5EEC0001F6CB /* Release */,
			);
			defaultConfigurationIsVisible = 0;
			defaultConfigurationName = Release;
		};
/* End XCConfigurationList section */
	};
	rootObject = 207DA48A1DBD5EEC0001F6CB /* Project object */;
}
